// !$*UTF8*$!
{
	archiveVersion = 1;
	classes = {
	};
	objectVersion = 51;
	objects = {

/* Begin PBXBuildFile section */
		A235FAD5245B080A007AC006 /* HomeViewController.swift in Sources */ = {isa = PBXBuildFile; fileRef = A235FAD4245B080A007AC006 /* HomeViewController.swift */; };
		A2629654245AD2B4004B7D99 /* AppDelegate.swift in Sources */ = {isa = PBXBuildFile; fileRef = A2629653245AD2B4004B7D99 /* AppDelegate.swift */; };
		A2629656245AD2B4004B7D99 /* ViewController.swift in Sources */ = {isa = PBXBuildFile; fileRef = A2629655245AD2B4004B7D99 /* ViewController.swift */; };
		A2629659245AD2B4004B7D99 /* Main.storyboard in Resources */ = {isa = PBXBuildFile; fileRef = A2629657245AD2B4004B7D99 /* Main.storyboard */; };
		A262965B245AD2B7004B7D99 /* Assets.xcassets in Resources */ = {isa = PBXBuildFile; fileRef = A262965A245AD2B7004B7D99 /* Assets.xcassets */; };
		A262965E245AD2B7004B7D99 /* LaunchScreen.storyboard in Resources */ = {isa = PBXBuildFile; fileRef = A262965C245AD2B7004B7D99 /* LaunchScreen.storyboard */; };
		FF251CAA3FC931220C67BFCF /* Pods_facebookLogin.framework in Frameworks */ = {isa = PBXBuildFile; fileRef = AD755E220834474525CFBCE5 /* Pods_facebookLogin.framework */; };
/* End PBXBuildFile section */

/* Begin PBXFileReference section */
		3B4B84EA9B3F532DCF26E8CB /* Pods-facebookLogin.debug.xcconfig */ = {isa = PBXFileReference; includeInIndex = 1; lastKnownFileType = text.xcconfig; name = "Pods-facebookLogin.debug.xcconfig"; path = "Target Support Files/Pods-facebookLogin/Pods-facebookLogin.debug.xcconfig"; sourceTree = "<group>"; };
		A235FAD4245B080A007AC006 /* HomeViewController.swift */ = {isa = PBXFileReference; lastKnownFileType = sourcecode.swift; path = HomeViewController.swift; sourceTree = "<group>"; };
		A2629650245AD2B4004B7D99 /* facebookLogin.app */ = {isa = PBXFileReference; explicitFileType = wrapper.application; includeInIndex = 0; path = facebookLogin.app; sourceTree = BUILT_PRODUCTS_DIR; };
		A2629653245AD2B4004B7D99 /* AppDelegate.swift */ = {isa = PBXFileReference; lastKnownFileType = sourcecode.swift; path = AppDelegate.swift; sourceTree = "<group>"; };
		A2629655245AD2B4004B7D99 /* ViewController.swift */ = {isa = PBXFileReference; lastKnownFileType = sourcecode.swift; path = ViewController.swift; sourceTree = "<group>"; };
		A2629658245AD2B4004B7D99 /* Base */ = {isa = PBXFileReference; lastKnownFileType = file.storyboard; name = Base; path = Base.lproj/Main.storyboard; sourceTree = "<group>"; };
		A262965A245AD2B7004B7D99 /* Assets.xcassets */ = {isa = PBXFileReference; lastKnownFileType = folder.assetcatalog; path = Assets.xcassets; sourceTree = "<group>"; };
		A262965D245AD2B7004B7D99 /* Base */ = {isa = PBXFileReference; lastKnownFileType = file.storyboard; name = Base; path = Base.lproj/LaunchScreen.storyboard; sourceTree = "<group>"; };
		A262965F245AD2B7004B7D99 /* Info.plist */ = {isa = PBXFileReference; lastKnownFileType = text.plist.xml; path = Info.plist; sourceTree = "<group>"; };
		AD755E220834474525CFBCE5 /* Pods_facebookLogin.framework */ = {isa = PBXFileReference; explicitFileType = wrapper.framework; includeInIndex = 0; path = Pods_facebookLogin.framework; sourceTree = BUILT_PRODUCTS_DIR; };
		AEBA4CFC1D4C84DDC62CE986 /* Pods-facebookLogin.release.xcconfig */ = {isa = PBXFileReference; includeInIndex = 1; lastKnownFileType = text.xcconfig; name = "Pods-facebookLogin.release.xcconfig"; path = "Target Support Files/Pods-facebookLogin/Pods-facebookLogin.release.xcconfig"; sourceTree = "<group>"; };
/* End PBXFileReference section */

/* Begin PBXFrameworksBuildPhase section */
		A262964D245AD2B4004B7D99 /* Frameworks */ = {
			isa = PBXFrameworksBuildPhase;
			buildActionMask = 2147483647;
			files = (
				FF251CAA3FC931220C67BFCF /* Pods_facebookLogin.framework in Frameworks */,
			);
			runOnlyForDeploymentPostprocessing = 0;
		};
/* End PBXFrameworksBuildPhase section */

/* Begin PBXGroup section */
		33BC264BC1E7018C33CB0F61 /* Pods */ = {
			isa = PBXGroup;
			children = (
				3B4B84EA9B3F532DCF26E8CB /* Pods-facebookLogin.debug.xcconfig */,
				AEBA4CFC1D4C84DDC62CE986 /* Pods-facebookLogin.release.xcconfig */,
			);
			path = Pods;
			sourceTree = "<group>";
		};
		A2629647245AD2B4004B7D99 = {
			isa = PBXGroup;
			children = (
				A2629652245AD2B4004B7D99 /* facebookLogin */,
				A2629651245AD2B4004B7D99 /* Products */,
				33BC264BC1E7018C33CB0F61 /* Pods */,
				F57D0171CBF87E4FC201AA2D /* Frameworks */,
			);
			sourceTree = "<group>";
		};
		A2629651245AD2B4004B7D99 /* Products */ = {
			isa = PBXGroup;
			children = (
				A2629650245AD2B4004B7D99 /* facebookLogin.app */,
			);
			name = Products;
			sourceTree = "<group>";
		};
		A2629652245AD2B4004B7D99 /* facebookLogin */ = {
			isa = PBXGroup;
			children = (
				A2629653245AD2B4004B7D99 /* AppDelegate.swift */,
				A2629655245AD2B4004B7D99 /* ViewController.swift */,
				A235FAD4245B080A007AC006 /* HomeViewController.swift */,
				A2629657245AD2B4004B7D99 /* Main.storyboard */,
				A262965A245AD2B7004B7D99 /* Assets.xcassets */,
				A262965C245AD2B7004B7D99 /* LaunchScreen.storyboard */,
				A262965F245AD2B7004B7D99 /* Info.plist */,
			);
			path = facebookLogin;
			sourceTree = "<group>";
		};
		F57D0171CBF87E4FC201AA2D /* Frameworks */ = {
			isa = PBXGroup;
			children = (
				AD755E220834474525CFBCE5 /* Pods_facebookLogin.framework */,
			);
			name = Frameworks;
			sourceTree = "<group>";
		};
/* End PBXGroup section */

/* Begin PBXNativeTarget section */
		A262964F245AD2B4004B7D99 /* facebookLogin */ = {
			isa = PBXNativeTarget;
			buildConfigurationList = A2629662245AD2B7004B7D99 /* Build configuration list for PBXNativeTarget "facebookLogin" */;
			buildPhases = (
				D7C075B37C0AAB996C3C712F /* [CP] Check Pods Manifest.lock */,
				A262964C245AD2B4004B7D99 /* Sources */,
				A262964D245AD2B4004B7D99 /* Frameworks */,
				A262964E245AD2B4004B7D99 /* Resources */,
				785199E436C492A90577327B /* [CP] Embed Pods Frameworks */,
			);
			buildRules = (
			);
			dependencies = (
			);
			name = facebookLogin;
			productName = facebookLogin;
			productReference = A2629650245AD2B4004B7D99 /* facebookLogin.app */;
			productType = "com.apple.product-type.application";
		};
/* End PBXNativeTarget section */

/* Begin PBXProject section */
		A2629648245AD2B4004B7D99 /* Project object */ = {
			isa = PBXProject;
			attributes = {
				LastSwiftUpdateCheck = 1010;
				LastUpgradeCheck = 1010;
				ORGANIZATIONNAME = Auriga;
				TargetAttributes = {
					A262964F245AD2B4004B7D99 = {
						CreatedOnToolsVersion = 10.1;
					};
				};
			};
			buildConfigurationList = A262964B245AD2B4004B7D99 /* Build configuration list for PBXProject "facebookLogin" */;
			compatibilityVersion = "Xcode 9.3";
			developmentRegion = en;
			hasScannedForEncodings = 0;
			knownRegions = (
				en,
				Base,
			);
			mainGroup = A2629647245AD2B4004B7D99;
			productRefGroup = A2629651245AD2B4004B7D99 /* Products */;
			projectDirPath = "";
			projectRoot = "";
			targets = (
				A262964F245AD2B4004B7D99 /* facebookLogin */,
			);
		};
/* End PBXProject section */

/* Begin PBXResourcesBuildPhase section */
		A262964E245AD2B4004B7D99 /* Resources */ = {
			isa = PBXResourcesBuildPhase;
			buildActionMask = 2147483647;
			files = (
				A262965E245AD2B7004B7D99 /* LaunchScreen.storyboard in Resources */,
				A262965B245AD2B7004B7D99 /* Assets.xcassets in Resources */,
				A2629659245AD2B4004B7D99 /* Main.storyboard in Resources */,
			);
			runOnlyForDeploymentPostprocessing = 0;
		};
/* End PBXResourcesBuildPhase section */

/* Begin PBXShellScriptBuildPhase section */
		785199E436C492A90577327B /* [CP] Embed Pods Frameworks */ = {
			isa = PBXShellScriptBuildPhase;
			buildActionMask = 2147483647;
			files = (
			);
			inputFileListPaths = (
				"${PODS_ROOT}/Target Support Files/Pods-facebookLogin/Pods-facebookLogin-frameworks-${CONFIGURATION}-input-files.xcfilelist",
			);
			name = "[CP] Embed Pods Frameworks";
			outputFileListPaths = (
				"${PODS_ROOT}/Target Support Files/Pods-facebookLogin/Pods-facebookLogin-frameworks-${CONFIGURATION}-output-files.xcfilelist",
			);
			runOnlyForDeploymentPostprocessing = 0;
			shellPath = /bin/sh;
			shellScript = "\"${PODS_ROOT}/Target Support Files/Pods-facebookLogin/Pods-facebookLogin-frameworks.sh\"\n";
			showEnvVarsInLog = 0;
		};
		D7C075B37C0AAB996C3C712F /* [CP] Check Pods Manifest.lock */ = {
			isa = PBXShellScriptBuildPhase;
			buildActionMask = 2147483647;
			files = (
			);
			inputFileListPaths = (
			);
			inputPaths = (
				"${PODS_PODFILE_DIR_PATH}/Podfile.lock",
				"${PODS_ROOT}/Manifest.lock",
			);
			name = "[CP] Check Pods Manifest.lock";
			outputFileListPaths = (
			);
			outputPaths = (
				"$(DERIVED_FILE_DIR)/Pods-facebookLogin-checkManifestLockResult.txt",
			);
			runOnlyForDeploymentPostprocessing = 0;
			shellPath = /bin/sh;
			shellScript = "diff \"${PODS_PODFILE_DIR_PATH}/Podfile.lock\" \"${PODS_ROOT}/Manifest.lock\" > /dev/null\nif [ $? != 0 ] ; then\n    # print error to STDERR\n    echo \"error: The sandbox is not in sync with the Podfile.lock. Run 'pod install' or update your CocoaPods installation.\" >&2\n    exit 1\nfi\n# This output is used by Xcode 'outputs' to avoid re-running this script phase.\necho \"SUCCESS\" > \"${SCRIPT_OUTPUT_FILE_0}\"\n";
			showEnvVarsInLog = 0;
		};
/* End PBXShellScriptBuildPhase section */

/* Begin PBXSourcesBuildPhase section */
		A262964C245AD2B4004B7D99 /* Sources */ = {
			isa = PBXSourcesBuildPhase;
			buildActionMask = 2147483647;
			files = (
				A2629656245AD2B4004B7D99 /* ViewController.swift in Sources */,
				A2629654245AD2B4004B7D99 /* AppDelegate.swift in Sources */,
				A235FAD5245B080A007AC006 /* HomeViewController.swift in Sources */,
			);
			runOnlyForDeploymentPostprocessing = 0;
		};
/* End PBXSourcesBuildPhase section */

/* Begin PBXVariantGroup section */
		A2629657245AD2B4004B7D99 /* Main.storyboard */ = {
			isa = PBXVariantGroup;
			children = (
				A2629658245AD2B4004B7D99 /* Base */,
			);
			name = Main.storyboard;
			sourceTree = "<group>";
		};
		A262965C245AD2B7004B7D99 /* LaunchScreen.storyboard */ = {
			isa = PBXVariantGroup;
			children = (
				A262965D245AD2B7004B7D99 /* Base */,
			);
			name = LaunchScreen.storyboard;
			sourceTree = "<group>";
		};
/* End PBXVariantGroup section */

/* Begin XCBuildConfiguration section */
		A2629660245AD2B7004B7D99 /* Debug */ = {
			isa = XCBuildConfiguration;
			buildSettings = {
				ALWAYS_SEARCH_USER_PATHS = NO;
				CLANG_ANALYZER_NONNULL = YES;
				CLANG_ANALYZER_NUMBER_OBJECT_CONVERSION = YES_AGGRESSIVE;
				CLANG_CXX_LANGUAGE_STANDARD = "gnu++14";
				CLANG_CXX_LIBRARY = "libc++";
				CLANG_ENABLE_MODULES = YES;
				CLANG_ENABLE_OBJC_ARC = YES;
				CLANG_ENABLE_OBJC_WEAK = YES;
				CLANG_WARN_BLOCK_CAPTURE_AUTORELEASING = YES;
				CLANG_WARN_BOOL_CONVERSION = YES;
				CLANG_WARN_COMMA = YES;
				CLANG_WARN_CONSTANT_CONVERSION = YES;
				CLANG_WARN_DEPRECATED_OBJC_IMPLEMENTATIONS = YES;
				CLANG_WARN_DIRECT_OBJC_ISA_USAGE = YES_ERROR;
				CLANG_WARN_DOCUMENTATION_COMMENTS = YES;
				CLANG_WARN_EMPTY_BODY = YES;
				CLANG_WARN_ENUM_CONVERSION = YES;
				CLANG_WARN_INFINITE_RECURSION = YES;
				CLANG_WARN_INT_CONVERSION = YES;
				CLANG_WARN_NON_LITERAL_NULL_CONVERSION = YES;
				CLANG_WARN_OBJC_IMPLICIT_RETAIN_SELF = YES;
				CLANG_WARN_OBJC_LITERAL_CONVERSION = YES;
				CLANG_WARN_OBJC_ROOT_CLASS = YES_ERROR;
				CLANG_WARN_RANGE_LOOP_ANALYSIS = YES;
				CLANG_WARN_STRICT_PROTOTYPES = YES;
				CLANG_WARN_SUSPICIOUS_MOVE = YES;
				CLANG_WARN_UNGUARDED_AVAILABILITY = YES_AGGRESSIVE;
				CLANG_WARN_UNREACHABLE_CODE = YES;
				CLANG_WARN__DUPLICATE_METHOD_MATCH = YES;
				CODE_SIGN_IDENTITY = "iPhone Developer";
				COPY_PHASE_STRIP = NO;
				DEBUG_INFORMATION_FORMAT = dwarf;
				ENABLE_STRICT_OBJC_MSGSEND = YES;
				ENABLE_TESTABILITY = YES;
				GCC_C_LANGUAGE_STANDARD = gnu11;
				GCC_DYNAMIC_NO_PIC = NO;
				GCC_NO_COMMON_BLOCKS = YES;
				GCC_OPTIMIZATION_LEVEL = 0;
				GCC_PREPROCESSOR_DEFINITIONS = (
					"DEBUG=1",
					"$(inherited)",
				);
				GCC_WARN_64_TO_32_BIT_CONVERSION = YES;
				GCC_WARN_ABOUT_RETURN_TYPE = YES_ERROR;
				GCC_WARN_UNDECLARED_SELECTOR = YES;
				GCC_WARN_UNINITIALIZED_AUTOS = YES_AGGRESSIVE;
				GCC_WARN_UNUSED_FUNCTION = YES;
				GCC_WARN_UNUSED_VARIABLE = YES;
				IPHONEOS_DEPLOYMENT_TARGET = 12.1;
				MTL_ENABLE_DEBUG_INFO = INCLUDE_SOURCE;
				MTL_FAST_MATH = YES;
				ONLY_ACTIVE_ARCH = YES;
				SDKROOT = iphoneos;
				SWIFT_ACTIVE_COMPILATION_CONDITIONS = DEBUG;
				SWIFT_OPTIMIZATION_LEVEL = "-Onone";
			};
			name = Debug;
		};
		A2629661245AD2B7004B7D99 /* Release */ = {
			isa = XCBuildConfiguration;
			buildSettings = {
				ALWAYS_SEARCH_USER_PATHS = NO;
				CLANG_ANALYZER_NONNULL = YES;
				CLANG_ANALYZER_NUMBER_OBJECT_CONVERSION = YES_AGGRESSIVE;
				CLANG_CXX_LANGUAGE_STANDARD = "gnu++14";
				CLANG_CXX_LIBRARY = "libc++";
				CLANG_ENABLE_MODULES = YES;
				CLANG_ENABLE_OBJC_ARC = YES;
				CLANG_ENABLE_OBJC_WEAK = YES;
				CLANG_WARN_BLOCK_CAPTURE_AUTORELEASING = YES;
				CLANG_WARN_BOOL_CONVERSION = YES;
				CLANG_WARN_COMMA = YES;
				CLANG_WARN_CONSTANT_CONVERSION = YES;
				CLANG_WARN_DEPRECATED_OBJC_IMPLEMENTATIONS = YES;
				CLANG_WARN_DIRECT_OBJC_ISA_USAGE = YES_ERROR;
				CLANG_WARN_DOCUMENTATION_COMMENTS = YES;
				CLANG_WARN_EMPTY_BODY = YES;
				CLANG_WARN_ENUM_CONVERSION = YES;
				CLANG_WARN_INFINITE_RECURSION = YES;
				CLANG_WARN_INT_CONVERSION = YES;
				CLANG_WARN_NON_LITERAL_NULL_CONVERSION = YES;
				CLANG_WARN_OBJC_IMPLICIT_RETAIN_SELF = YES;
				CLANG_WARN_OBJC_LITERAL_CONVERSION = YES;
				CLANG_WARN_OBJC_ROOT_CLASS = YES_ERROR;
				CLANG_WARN_RANGE_LOOP_ANALYSIS = YES;
				CLANG_WARN_STRICT_PROTOTYPES = YES;
				CLANG_WARN_SUSPICIOUS_MOVE = YES;
				CLANG_WARN_UNGUARDED_AVAILABILITY = YES_AGGRESSIVE;
				CLANG_WARN_UNREACHABLE_CODE = YES;
				CLANG_WARN__DUPLICATE_METHOD_MATCH = YES;
				CODE_SIGN_IDENTITY = "iPhone Developer";
				COPY_PHASE_STRIP = NO;
				DEBUG_INFORMATION_FORMAT = "dwarf-with-dsym";
				ENABLE_NS_ASSERTIONS = NO;
				ENABLE_STRICT_OBJC_MSGSEND = YES;
				GCC_C_LANGUAGE_STANDARD = gnu11;
				GCC_NO_COMMON_BLOCKS = YES;
				GCC_WARN_64_TO_32_BIT_CONVERSION = YES;
				GCC_WARN_ABOUT_RETURN_TYPE = YES_ERROR;
				GCC_WARN_UNDECLARED_SELECTOR = YES;
				GCC_WARN_UNINITIALIZED_AUTOS = YES_AGGRESSIVE;
				GCC_WARN_UNUSED_FUNCTION = YES;
				GCC_WARN_UNUSED_VARIABLE = YES;
				IPHONEOS_DEPLOYMENT_TARGET = 12.1;
				MTL_ENABLE_DEBUG_INFO = NO;
				MTL_FAST_MATH = YES;
				SDKROOT = iphoneos;
				SWIFT_COMPILATION_MODE = wholemodule;
				SWIFT_OPTIMIZATION_LEVEL = "-O";
				VALIDATE_PRODUCT = YES;
			};
			name = Release;
		};
		A2629663245AD2B7004B7D99 /* Debug */ = {
			isa = XCBuildConfiguration;
			baseConfigurationReference = 3B4B84EA9B3F532DCF26E8CB /* Pods-facebookLogin.debug.xcconfig */;
			buildSettings = {
				ASSETCATALOG_COMPILER_APPICON_NAME = AppIcon;
				CODE_SIGN_STYLE = Automatic;
				INFOPLIST_FILE = facebookLogin/Info.plist;
				LD_RUNPATH_SEARCH_PATHS = (
					"$(inherited)",
					"@executable_path/Frameworks",
				);
				PRODUCT_BUNDLE_IDENTIFIER = com.auriga.facebookLogin;
				PRODUCT_NAME = "$(TARGET_NAME)";
				SWIFT_VERSION = 4.2;
				TARGETED_DEVICE_FAMILY = "1,2";
			};
			name = Debug;
		};
		A2629664245AD2B7004B7D99 /* Release */ = {
			isa = XCBuildConfiguration;
			baseConfigurationReference = AEBA4CFC1D4C84DDC62CE986 /* Pods-facebookLogin.release.xcconfig */;
			buildSettings = {
				ASSETCATALOG_COMPILER_APPICON_NAME = AppIcon;
				CODE_SIGN_STYLE = Automatic;
				INFOPLIST_FILE = facebookLogin/Info.plist;
				LD_RUNPATH_SEARCH_PATHS = (
					"$(inherited)",
					"@executable_path/Frameworks",
				);
				PRODUCT_BUNDLE_IDENTIFIER = com.auriga.facebookLogin;
				PRODUCT_NAME = "$(TARGET_NAME)";
				SWIFT_VERSION = 4.2;
				TARGETED_DEVICE_FAMILY = "1,2";
			};
			name = Release;
		};
/* End XCBuildConfiguration section */

/* Begin XCConfigurationList section */
		A262964B245AD2B4004B7D99 /* Build configuration list for PBXProject "facebookLogin" */ = {
			isa = XCConfigurationList;
			buildConfigurations = (
				A2629660245AD2B7004B7D99 /* Debug */,
				A2629661245AD2B7004B7D99 /* Release */,
			);
			defaultConfigurationIsVisible = 0;
			defaultConfigurationName = Release;
		};
		A2629662245AD2B7004B7D99 /* Build configuration list for PBXNativeTarget "facebookLogin" */ = {
			isa = XCConfigurationList;
			buildConfigurations = (
				A2629663245AD2B7004B7D99 /* Debug */,
				A2629664245AD2B7004B7D99 /* Release */,
			);
			defaultConfigurationIsVisible = 0;
			defaultConfigurationName = Release;
		};
/* End XCConfigurationList section */
	};
	rootObject = A2629648245AD2B4004B7D99 /* Project object */;
}
