// !$*UTF8*$!
{
	archiveVersion = 1;
	classes = {
	};
	objectVersion = 51;
	objects = {

/* Begin PBXBuildFile section */
		63CAD01B1459798340FE284F /* Pods_FirebasePractice.framework in Frameworks */ = {isa = PBXBuildFile; fileRef = 1FCE8501196A5D6E36F96E23 /* Pods_FirebasePractice.framework */; };
		A214FF532445C9E300300EA4 /* GoogleService-Info.plist in Resources */ = {isa = PBXBuildFile; fileRef = A214FF522445C9E300300EA4 /* GoogleService-Info.plist */; };
		A217527B24322D1C00DAC7EF /* AppDelegate.swift in Sources */ = {isa = PBXBuildFile; fileRef = A217527A24322D1C00DAC7EF /* AppDelegate.swift */; };
		A217527D24322D1C00DAC7EF /* ViewController.swift in Sources */ = {isa = PBXBuildFile; fileRef = A217527C24322D1C00DAC7EF /* ViewController.swift */; };
		A217528024322D1D00DAC7EF /* Main.storyboard in Resources */ = {isa = PBXBuildFile; fileRef = A217527E24322D1D00DAC7EF /* Main.storyboard */; };
		A217528224322D2200DAC7EF /* Assets.xcassets in Resources */ = {isa = PBXBuildFile; fileRef = A217528124322D2200DAC7EF /* Assets.xcassets */; };
		A217528524322D2200DAC7EF /* LaunchScreen.storyboard in Resources */ = {isa = PBXBuildFile; fileRef = A217528324322D2200DAC7EF /* LaunchScreen.storyboard */; };
		A26A046F2445AEA8000015D7 /* SignUpViewController.swift in Sources */ = {isa = PBXBuildFile; fileRef = A26A046E2445AEA8000015D7 /* SignUpViewController.swift */; };
		A26A04712445AEBB000015D7 /* LoginViewController.swift in Sources */ = {isa = PBXBuildFile; fileRef = A26A04702445AEBB000015D7 /* LoginViewController.swift */; };
		A26A04732445AEDE000015D7 /* HViewController.swift in Sources */ = {isa = PBXBuildFile; fileRef = A26A04722445AEDE000015D7 /* HViewController.swift */; };
/* End PBXBuildFile section */

/* Begin PBXFileReference section */
		14BE8FDEB596B59F7238F54B /* Pods-FirebasePractice.release.xcconfig */ = {isa = PBXFileReference; includeInIndex = 1; lastKnownFileType = text.xcconfig; name = "Pods-FirebasePractice.release.xcconfig"; path = "Target Support Files/Pods-FirebasePractice/Pods-FirebasePractice.release.xcconfig"; sourceTree = "<group>"; };
		1FCE8501196A5D6E36F96E23 /* Pods_FirebasePractice.framework */ = {isa = PBXFileReference; explicitFileType = wrapper.framework; includeInIndex = 0; path = Pods_FirebasePractice.framework; sourceTree = BUILT_PRODUCTS_DIR; };
		8F4D80705C88FA38C6201867 /* Pods-FirebasePractice.debug.xcconfig */ = {isa = PBXFileReference; includeInIndex = 1; lastKnownFileType = text.xcconfig; name = "Pods-FirebasePractice.debug.xcconfig"; path = "Target Support Files/Pods-FirebasePractice/Pods-FirebasePractice.debug.xcconfig"; sourceTree = "<group>"; };
		A214FF522445C9E300300EA4 /* GoogleService-Info.plist */ = {isa = PBXFileReference; fileEncoding = 4; lastKnownFileType = text.plist.xml; path = "GoogleService-Info.plist"; sourceTree = "<group>"; };
		A217527724322D1C00DAC7EF /* FirebasePractice.app */ = {isa = PBXFileReference; explicitFileType = wrapper.application; includeInIndex = 0; path = FirebasePractice.app; sourceTree = BUILT_PRODUCTS_DIR; };
		A217527A24322D1C00DAC7EF /* AppDelegate.swift */ = {isa = PBXFileReference; lastKnownFileType = sourcecode.swift; path = AppDelegate.swift; sourceTree = "<group>"; };
		A217527C24322D1C00DAC7EF /* ViewController.swift */ = {isa = PBXFileReference; lastKnownFileType = sourcecode.swift; path = ViewController.swift; sourceTree = "<group>"; };
		A217527F24322D1D00DAC7EF /* Base */ = {isa = PBXFileReference; lastKnownFileType = file.storyboard; name = Base; path = Base.lproj/Main.storyboard; sourceTree = "<group>"; };
		A217528124322D2200DAC7EF /* Assets.xcassets */ = {isa = PBXFileReference; lastKnownFileType = folder.assetcatalog; path = Assets.xcassets; sourceTree = "<group>"; };
		A217528424322D2200DAC7EF /* Base */ = {isa = PBXFileReference; lastKnownFileType = file.storyboard; name = Base; path = Base.lproj/LaunchScreen.storyboard; sourceTree = "<group>"; };
		A217528624322D2200DAC7EF /* Info.plist */ = {isa = PBXFileReference; lastKnownFileType = text.plist.xml; path = Info.plist; sourceTree = "<group>"; };
		A26A046E2445AEA8000015D7 /* SignUpViewController.swift */ = {isa = PBXFileReference; lastKnownFileType = sourcecode.swift; path = SignUpViewController.swift; sourceTree = "<group>"; };
		A26A04702445AEBB000015D7 /* LoginViewController.swift */ = {isa = PBXFileReference; lastKnownFileType = sourcecode.swift; path = LoginViewController.swift; sourceTree = "<group>"; };
		A26A04722445AEDE000015D7 /* HViewController.swift */ = {isa = PBXFileReference; lastKnownFileType = sourcecode.swift; path = HViewController.swift; sourceTree = "<group>"; };
/* End PBXFileReference section */

/* Begin PBXFrameworksBuildPhase section */
		A217527424322D1C00DAC7EF /* Frameworks */ = {
			isa = PBXFrameworksBuildPhase;
			buildActionMask = 2147483647;
			files = (
				63CAD01B1459798340FE284F /* Pods_FirebasePractice.framework in Frameworks */,
			);
			runOnlyForDeploymentPostprocessing = 0;
		};
/* End PBXFrameworksBuildPhase section */

/* Begin PBXGroup section */
		29219D62C6BD58ABF6076040 /* Frameworks */ = {
			isa = PBXGroup;
			children = (
				1FCE8501196A5D6E36F96E23 /* Pods_FirebasePractice.framework */,
			);
			name = Frameworks;
			sourceTree = "<group>";
		};
		989F4139874FEB0FFA11C90E /* Pods */ = {
			isa = PBXGroup;
			children = (
				8F4D80705C88FA38C6201867 /* Pods-FirebasePractice.debug.xcconfig */,
				14BE8FDEB596B59F7238F54B /* Pods-FirebasePractice.release.xcconfig */,
			);
			path = Pods;
			sourceTree = "<group>";
		};
		A217526E24322D1C00DAC7EF = {
			isa = PBXGroup;
			children = (
				A217527924322D1C00DAC7EF /* FirebasePractice */,
				A217527824322D1C00DAC7EF /* Products */,
				989F4139874FEB0FFA11C90E /* Pods */,
				29219D62C6BD58ABF6076040 /* Frameworks */,
			);
			sourceTree = "<group>";
		};
		A217527824322D1C00DAC7EF /* Products */ = {
			isa = PBXGroup;
			children = (
				A217527724322D1C00DAC7EF /* FirebasePractice.app */,
			);
			name = Products;
			sourceTree = "<group>";
		};
		A217527924322D1C00DAC7EF /* FirebasePractice */ = {
			isa = PBXGroup;
			children = (
				A217527A24322D1C00DAC7EF /* AppDelegate.swift */,
				A217527C24322D1C00DAC7EF /* ViewController.swift */,
				A217527E24322D1D00DAC7EF /* Main.storyboard */,
				A26A046E2445AEA8000015D7 /* SignUpViewController.swift */,
				A26A04702445AEBB000015D7 /* LoginViewController.swift */,
				A26A04722445AEDE000015D7 /* HViewController.swift */,
				A214FF522445C9E300300EA4 /* GoogleService-Info.plist */,
				A217528124322D2200DAC7EF /* Assets.xcassets */,
				A217528324322D2200DAC7EF /* LaunchScreen.storyboard */,
				A217528624322D2200DAC7EF /* Info.plist */,
			);
			path = FirebasePractice;
			sourceTree = "<group>";
		};
/* End PBXGroup section */

/* Begin PBXNativeTarget section */
		A217527624322D1C00DAC7EF /* FirebasePractice */ = {
			isa = PBXNativeTarget;
			buildConfigurationList = A217528924322D2200DAC7EF /* Build configuration list for PBXNativeTarget "FirebasePractice" */;
			buildPhases = (
				AB6A57C90E7C89F1DC8F099A /* [CP] Check Pods Manifest.lock */,
				A217527324322D1C00DAC7EF /* Sources */,
				A217527424322D1C00DAC7EF /* Frameworks */,
				A217527524322D1C00DAC7EF /* Resources */,
				9F22B1990DFD59065600D4E5 /* [CP] Embed Pods Frameworks */,
			);
			buildRules = (
			);
			dependencies = (
			);
			name = FirebasePractice;
			productName = FirebasePractice;
			productReference = A217527724322D1C00DAC7EF /* FirebasePractice.app */;
			productType = "com.apple.product-type.application";
		};
/* End PBXNativeTarget section */

/* Begin PBXProject section */
		A217526F24322D1C00DAC7EF /* Project object */ = {
			isa = PBXProject;
			attributes = {
				LastSwiftUpdateCheck = 1010;
				LastUpgradeCheck = 1010;
				ORGANIZATIONNAME = Auriga;
				TargetAttributes = {
					A217527624322D1C00DAC7EF = {
						CreatedOnToolsVersion = 10.1;
					};
				};
			};
			buildConfigurationList = A217527224322D1C00DAC7EF /* Build configuration list for PBXProject "FirebasePractice" */;
			compatibilityVersion = "Xcode 9.3";
			developmentRegion = en;
			hasScannedForEncodings = 0;
			knownRegions = (
				en,
				Base,
			);
			mainGroup = A217526E24322D1C00DAC7EF;
			productRefGroup = A217527824322D1C00DAC7EF /* Products */;
			projectDirPath = "";
			projectRoot = "";
			targets = (
				A217527624322D1C00DAC7EF /* FirebasePractice */,
			);
		};
/* End PBXProject section */

/* Begin PBXResourcesBuildPhase section */
		A217527524322D1C00DAC7EF /* Resources */ = {
			isa = PBXResourcesBuildPhase;
			buildActionMask = 2147483647;
			files = (
				A217528524322D2200DAC7EF /* LaunchScreen.storyboard in Resources */,
				A214FF532445C9E300300EA4 /* GoogleService-Info.plist in Resources */,
				A217528224322D2200DAC7EF /* Assets.xcassets in Resources */,
				A217528024322D1D00DAC7EF /* Main.storyboard in Resources */,
			);
			runOnlyForDeploymentPostprocessing = 0;
		};
/* End PBXResourcesBuildPhase section */

/* Begin PBXShellScriptBuildPhase section */
		9F22B1990DFD59065600D4E5 /* [CP] Embed Pods Frameworks */ = {
			isa = PBXShellScriptBuildPhase;
			buildActionMask = 2147483647;
			files = (
			);
			inputFileListPaths = (
				"${PODS_ROOT}/Target Support Files/Pods-FirebasePractice/Pods-FirebasePractice-frameworks-${CONFIGURATION}-input-files.xcfilelist",
			);
			name = "[CP] Embed Pods Frameworks";
			outputFileListPaths = (
				"${PODS_ROOT}/Target Support Files/Pods-FirebasePractice/Pods-FirebasePractice-frameworks-${CONFIGURATION}-output-files.xcfilelist",
			);
			runOnlyForDeploymentPostprocessing = 0;
			shellPath = /bin/sh;
			shellScript = "\"${PODS_ROOT}/Target Support Files/Pods-FirebasePractice/Pods-FirebasePractice-frameworks.sh\"\n";
			showEnvVarsInLog = 0;
		};
		AB6A57C90E7C89F1DC8F099A /* [CP] Check Pods Manifest.lock */ = {
			isa = PBXShellScriptBuildPhase;
			buildActionMask = 2147483647;
			files = (
			);
			inputFileListPaths = (
			);
			inputPaths = (
				"${PODS_PODFILE_DIR_PATH}/Podfile.lock",
				"${PODS_ROOT}/Manifest.lock",
			);
			name = "[CP] Check Pods Manifest.lock";
			outputFileListPaths = (
			);
			outputPaths = (
				"$(DERIVED_FILE_DIR)/Pods-FirebasePractice-checkManifestLockResult.txt",
			);
			runOnlyForDeploymentPostprocessing = 0;
			shellPath = /bin/sh;
			shellScript = "diff \"${PODS_PODFILE_DIR_PATH}/Podfile.lock\" \"${PODS_ROOT}/Manifest.lock\" > /dev/null\nif [ $? != 0 ] ; then\n    # print error to STDERR\n    echo \"error: The sandbox is not in sync with the Podfile.lock. Run 'pod install' or update your CocoaPods installation.\" >&2\n    exit 1\nfi\n# This output is used by Xcode 'outputs' to avoid re-running this script phase.\necho \"SUCCESS\" > \"${SCRIPT_OUTPUT_FILE_0}\"\n";
			showEnvVarsInLog = 0;
		};
/* End PBXShellScriptBuildPhase section */

/* Begin PBXSourcesBuildPhase section */
		A217527324322D1C00DAC7EF /* Sources */ = {
			isa = PBXSourcesBuildPhase;
			buildActionMask = 2147483647;
			files = (
				A26A04712445AEBB000015D7 /* LoginViewController.swift in Sources */,
				A26A046F2445AEA8000015D7 /* SignUpViewController.swift in Sources */,
				A26A04732445AEDE000015D7 /* HViewController.swift in Sources */,
				A217527D24322D1C00DAC7EF /* ViewController.swift in Sources */,
				A217527B24322D1C00DAC7EF /* AppDelegate.swift in Sources */,
			);
			runOnlyForDeploymentPostprocessing = 0;
		};
/* End PBXSourcesBuildPhase section */

/* Begin PBXVariantGroup section */
		A217527E24322D1D00DAC7EF /* Main.storyboard */ = {
			isa = PBXVariantGroup;
			children = (
				A217527F24322D1D00DAC7EF /* Base */,
			);
			name = Main.storyboard;
			sourceTree = "<group>";
		};
		A217528324322D2200DAC7EF /* LaunchScreen.storyboard */ = {
			isa = PBXVariantGroup;
			children = (
				A217528424322D2200DAC7EF /* Base */,
			);
			name = LaunchScreen.storyboard;
			sourceTree = "<group>";
		};
/* End PBXVariantGroup section */

/* Begin XCBuildConfiguration section */
		A217528724322D2200DAC7EF /* Debug */ = {
			isa = XCBuildConfiguration;
			buildSettings = {
				ALWAYS_SEARCH_USER_PATHS = NO;
				CLANG_ANALYZER_NONNULL = YES;
				CLANG_ANALYZER_NUMBER_OBJECT_CONVERSION = YES_AGGRESSIVE;
				CLANG_CXX_LANGUAGE_STANDARD = "gnu++14";
				CLANG_CXX_LIBRARY = "libc++";
				CLANG_ENABLE_MODULES = YES;
				CLANG_ENABLE_OBJC_ARC = YES;
				CLANG_ENABLE_OBJC_WEAK = YES;
				CLANG_WARN_BLOCK_CAPTURE_AUTORELEASING = YES;
				CLANG_WARN_BOOL_CONVERSION = YES;
				CLANG_WARN_COMMA = YES;
				CLANG_WARN_CONSTANT_CONVERSION = YES;
				CLANG_WARN_DEPRECATED_OBJC_IMPLEMENTATIONS = YES;
				CLANG_WARN_DIRECT_OBJC_ISA_USAGE = YES_ERROR;
				CLANG_WARN_DOCUMENTATION_COMMENTS = YES;
				CLANG_WARN_EMPTY_BODY = YES;
				CLANG_WARN_ENUM_CONVERSION = YES;
				CLANG_WARN_INFINITE_RECURSION = YES;
				CLANG_WARN_INT_CONVERSION = YES;
				CLANG_WARN_NON_LITERAL_NULL_CONVERSION = YES;
				CLANG_WARN_OBJC_IMPLICIT_RETAIN_SELF = YES;
				CLANG_WARN_OBJC_LITERAL_CONVERSION = YES;
				CLANG_WARN_OBJC_ROOT_CLASS = YES_ERROR;
				CLANG_WARN_RANGE_LOOP_ANALYSIS = YES;
				CLANG_WARN_STRICT_PROTOTYPES = YES;
				CLANG_WARN_SUSPICIOUS_MOVE = YES;
				CLANG_WARN_UNGUARDED_AVAILABILITY = YES_AGGRESSIVE;
				CLANG_WARN_UNREACHABLE_CODE = YES;
				CLANG_WARN__DUPLICATE_METHOD_MATCH = YES;
				CODE_SIGN_IDENTITY = "iPhone Developer";
				COPY_PHASE_STRIP = NO;
				DEBUG_INFORMATION_FORMAT = dwarf;
				ENABLE_STRICT_OBJC_MSGSEND = YES;
				ENABLE_TESTABILITY = YES;
				GCC_C_LANGUAGE_STANDARD = gnu11;
				GCC_DYNAMIC_NO_PIC = NO;
				GCC_NO_COMMON_BLOCKS = YES;
				GCC_OPTIMIZATION_LEVEL = 0;
				GCC_PREPROCESSOR_DEFINITIONS = (
					"DEBUG=1",
					"$(inherited)",
				);
				GCC_WARN_64_TO_32_BIT_CONVERSION = YES;
				GCC_WARN_ABOUT_RETURN_TYPE = YES_ERROR;
				GCC_WARN_UNDECLARED_SELECTOR = YES;
				GCC_WARN_UNINITIALIZED_AUTOS = YES_AGGRESSIVE;
				GCC_WARN_UNUSED_FUNCTION = YES;
				GCC_WARN_UNUSED_VARIABLE = YES;
				IPHONEOS_DEPLOYMENT_TARGET = 12.1;
				MTL_ENABLE_DEBUG_INFO = INCLUDE_SOURCE;
				MTL_FAST_MATH = YES;
				ONLY_ACTIVE_ARCH = YES;
				SDKROOT = iphoneos;
				SWIFT_ACTIVE_COMPILATION_CONDITIONS = DEBUG;
				SWIFT_OPTIMIZATION_LEVEL = "-Onone";
			};
			name = Debug;
		};
		A217528824322D2200DAC7EF /* Release */ = {
			isa = XCBuildConfiguration;
			buildSettings = {
				ALWAYS_SEARCH_USER_PATHS = NO;
				CLANG_ANALYZER_NONNULL = YES;
				CLANG_ANALYZER_NUMBER_OBJECT_CONVERSION = YES_AGGRESSIVE;
				CLANG_CXX_LANGUAGE_STANDARD = "gnu++14";
				CLANG_CXX_LIBRARY = "libc++";
				CLANG_ENABLE_MODULES = YES;
				CLANG_ENABLE_OBJC_ARC = YES;
				CLANG_ENABLE_OBJC_WEAK = YES;
				CLANG_WARN_BLOCK_CAPTURE_AUTORELEASING = YES;
				CLANG_WARN_BOOL_CONVERSION = YES;
				CLANG_WARN_COMMA = YES;
				CLANG_WARN_CONSTANT_CONVERSION = YES;
				CLANG_WARN_DEPRECATED_OBJC_IMPLEMENTATIONS = YES;
				CLANG_WARN_DIRECT_OBJC_ISA_USAGE = YES_ERROR;
				CLANG_WARN_DOCUMENTATION_COMMENTS = YES;
				CLANG_WARN_EMPTY_BODY = YES;
				CLANG_WARN_ENUM_CONVERSION = YES;
				CLANG_WARN_INFINITE_RECURSION = YES;
				CLANG_WARN_INT_CONVERSION = YES;
				CLANG_WARN_NON_LITERAL_NULL_CONVERSION = YES;
				CLANG_WARN_OBJC_IMPLICIT_RETAIN_SELF = YES;
				CLANG_WARN_OBJC_LITERAL_CONVERSION = YES;
				CLANG_WARN_OBJC_ROOT_CLASS = YES_ERROR;
				CLANG_WARN_RANGE_LOOP_ANALYSIS = YES;
				CLANG_WARN_STRICT_PROTOTYPES = YES;
				CLANG_WARN_SUSPICIOUS_MOVE = YES;
				CLANG_WARN_UNGUARDED_AVAILABILITY = YES_AGGRESSIVE;
				CLANG_WARN_UNREACHABLE_CODE = YES;
				CLANG_WARN__DUPLICATE_METHOD_MATCH = YES;
				CODE_SIGN_IDENTITY = "iPhone Developer";
				COPY_PHASE_STRIP = NO;
				DEBUG_INFORMATION_FORMAT = "dwarf-with-dsym";
				ENABLE_NS_ASSERTIONS = NO;
				ENABLE_STRICT_OBJC_MSGSEND = YES;
				GCC_C_LANGUAGE_STANDARD = gnu11;
				GCC_NO_COMMON_BLOCKS = YES;
				GCC_WARN_64_TO_32_BIT_CONVERSION = YES;
				GCC_WARN_ABOUT_RETURN_TYPE = YES_ERROR;
				GCC_WARN_UNDECLARED_SELECTOR = YES;
				GCC_WARN_UNINITIALIZED_AUTOS = YES_AGGRESSIVE;
				GCC_WARN_UNUSED_FUNCTION = YES;
				GCC_WARN_UNUSED_VARIABLE = YES;
				IPHONEOS_DEPLOYMENT_TARGET = 12.1;
				MTL_ENABLE_DEBUG_INFO = NO;
				MTL_FAST_MATH = YES;
				SDKROOT = iphoneos;
				SWIFT_COMPILATION_MODE = wholemodule;
				SWIFT_OPTIMIZATION_LEVEL = "-O";
				VALIDATE_PRODUCT = YES;
			};
			name = Release;
		};
		A217528A24322D2200DAC7EF /* Debug */ = {
			isa = XCBuildConfiguration;
			baseConfigurationReference = 8F4D80705C88FA38C6201867 /* Pods-FirebasePractice.debug.xcconfig */;
			buildSettings = {
				ASSETCATALOG_COMPILER_APPICON_NAME = AppIcon;
				CODE_SIGN_STYLE = Automatic;
				INFOPLIST_FILE = FirebasePractice/Info.plist;
				LD_RUNPATH_SEARCH_PATHS = (
					"$(inherited)",
					"@executable_path/Frameworks",
				);
				PRODUCT_BUNDLE_IDENTIFIER = com.auriga.FirebasePractice;
				PRODUCT_NAME = "$(TARGET_NAME)";
				SWIFT_VERSION = 4.2;
				TARGETED_DEVICE_FAMILY = "1,2";
			};
			name = Debug;
		};
		A217528B24322D2200DAC7EF /* Release */ = {
			isa = XCBuildConfiguration;
			baseConfigurationReference = 14BE8FDEB596B59F7238F54B /* Pods-FirebasePractice.release.xcconfig */;
			buildSettings = {
				ASSETCATALOG_COMPILER_APPICON_NAME = AppIcon;
				CODE_SIGN_STYLE = Automatic;
				INFOPLIST_FILE = FirebasePractice/Info.plist;
				LD_RUNPATH_SEARCH_PATHS = (
					"$(inherited)",
					"@executable_path/Frameworks",
				);
				PRODUCT_BUNDLE_IDENTIFIER = com.auriga.FirebasePractice;
				PRODUCT_NAME = "$(TARGET_NAME)";
				SWIFT_VERSION = 4.2;
				TARGETED_DEVICE_FAMILY = "1,2";
			};
			name = Release;
		};
/* End XCBuildConfiguration section */

/* Begin XCConfigurationList section */
		A217527224322D1C00DAC7EF /* Build configuration list for PBXProject "FirebasePractice" */ = {
			isa = XCConfigurationList;
			buildConfigurations = (
				A217528724322D2200DAC7EF /* Debug */,
				A217528824322D2200DAC7EF /* Release */,
			);
			defaultConfigurationIsVisible = 0;
			defaultConfigurationName = Release;
		};
		A217528924322D2200DAC7EF /* Build configuration list for PBXNativeTarget "FirebasePractice" */ = {
			isa = XCConfigurationList;
			buildConfigurations = (
				A217528A24322D2200DAC7EF /* Debug */,
				A217528B24322D2200DAC7EF /* Release */,
			);
			defaultConfigurationIsVisible = 0;
			defaultConfigurationName = Release;
		};
/* End XCConfigurationList section */
	};
	rootObject = A217526F24322D1C00DAC7EF /* Project object */;
}
